
Microsoft Visual Studio Solution File, Format Version 12.00
# Visual Studio Version 17
VisualStudioVersion = 17.1.32414.318
MinimumVisualStudioVersion = 10.0.40219.1
Project("{9A19103F-16F7-4668-BE54-9A1E7A4F7556}") = "Bot.GetByLink.Proxy.Vk", "Bot.GetByLink.Proxy.Vk\Bot.GetByLink.Proxy.Vk.csproj", "{E76CA920-A88D-4A20-91A3-7E09EA08099C}"
EndProject
Project("{2150E333-8FDC-42A3-9474-1A3956D46DE8}") = "Solution Items", "Solution Items", "{16CEFBDC-03ED-429F-8E20-35D9C005D726}"
	ProjectSection(SolutionItems) = preProject
		.editorconfig = .editorconfig
	EndProjectSection
EndProject
Project("{9A19103F-16F7-4668-BE54-9A1E7A4F7556}") = "Bot.GetByLink.Client.Telegram.Polling", "Bot.GetByLink.Client.Telegram.Polling\Bot.GetByLink.Client.Telegram.Polling.csproj", "{D5B255DD-D449-4616-8EBB-52B4B401E1A8}"
EndProject
Project("{9A19103F-16F7-4668-BE54-9A1E7A4F7556}") = "Bot.GetByLink.Proxy.Reddit", "Bot.GetByLink.Proxy.Reddit\Bot.GetByLink.Proxy.Reddit.csproj", "{41038BC2-FBA0-4376-BE4B-3903B40244C8}"
EndProject
Project("{2150E333-8FDC-42A3-9474-1A3956D46DE8}") = "Bot.GetByLink.Common", "Bot.GetByLink.Common", "{0CBE5E20-C0A6-4CAC-BD65-F4B141CD775D}"
EndProject
Project("{9A19103F-16F7-4668-BE54-9A1E7A4F7556}") = "Bot.GetByLink.Common.Infrastructure", "Bot.GetByLink.Common.Infrastructure\Bot.GetByLink.Common.Infrastructure.csproj", "{6F74AA49-3120-4361-94D7-65E81E4FA6E2}"
EndProject
Project("{2150E333-8FDC-42A3-9474-1A3956D46DE8}") = "Bot.GetByLink.Client.Telegram", "Bot.GetByLink.Client.Telegram", "{72747E0F-72ED-492D-835B-70A0F7B4A481}"
EndProject
Project("{9A19103F-16F7-4668-BE54-9A1E7A4F7556}") = "Bot.GetByLink.Client.Telegram.Common", "Bot.GetByLink.Client.Telegram.Common\Bot.GetByLink.Client.Telegram.Common.csproj", "{DB0F827C-FF26-483D-B610-DA4E7357303E}"
EndProject
Project("{2150E333-8FDC-42A3-9474-1A3956D46DE8}") = "Bot.GetByLink.Proxy", "Bot.GetByLink.Proxy", "{B54D3DBE-AF8D-4044-912C-7CD74E64B17E}"
EndProject
Project("{9A19103F-16F7-4668-BE54-9A1E7A4F7556}") = "Bot.GetByLink.Proxy.Common", "Bot.GetByLink.Proxy.Common\Bot.GetByLink.Proxy.Common.csproj", "{B19F4C76-CB50-4308-A6D8-65F3697B0F11}"
EndProject
Project("{9A19103F-16F7-4668-BE54-9A1E7A4F7556}") = "Bot.GetByLink.Common.Interfaces", "Bot.GetByLink.Common.Interfaces\Bot.GetByLink.Common.Interfaces.csproj", "{8E417C29-BBED-4889-B8F9-AC86BF1A0C23}"
EndProject
Project("{9A19103F-16F7-4668-BE54-9A1E7A4F7556}") = "Bot.GetByLink.Common.Abstractions", "Bot.GetByLink.Common.Abstractions\Bot.GetByLink.Common.Abstractions.csproj", "{04F19551-9F9E-4CC7-9603-F00556DA95E6}"
EndProject
Project("{9A19103F-16F7-4668-BE54-9A1E7A4F7556}") = "Bot.GetByLink.Common.Enums", "Bot.GetByLink.Common.Enums\Bot.GetByLink.Common.Enums.csproj", "{AB3C5212-57CA-41F1-8F25-A6EF7FEFC0F2}"
EndProject
Project("{FAE04EC0-301F-11D3-BF4B-00C04F79EFBC}") = "Bot.GetByLink.Client.Telegram.WebHook", "Bot.GetByLink.Client.Telegram.WebHook\Bot.GetByLink.Client.Telegram.WebHook.csproj", "{F752B274-1C04-4BCE-AFEC-BABA8A82AD0D}"
EndProject
Global
	GlobalSection(SolutionConfigurationPlatforms) = preSolution
		Debug|Any CPU = Debug|Any CPU
		Release|Any CPU = Release|Any CPU
	EndGlobalSection
	GlobalSection(ProjectConfigurationPlatforms) = postSolution
		{E76CA920-A88D-4A20-91A3-7E09EA08099C}.Debug|Any CPU.ActiveCfg = Debug|Any CPU
		{E76CA920-A88D-4A20-91A3-7E09EA08099C}.Debug|Any CPU.Build.0 = Debug|Any CPU
		{E76CA920-A88D-4A20-91A3-7E09EA08099C}.Release|Any CPU.ActiveCfg = Release|Any CPU
		{E76CA920-A88D-4A20-91A3-7E09EA08099C}.Release|Any CPU.Build.0 = Release|Any CPU
		{D5B255DD-D449-4616-8EBB-52B4B401E1A8}.Debug|Any CPU.ActiveCfg = Debug|Any CPU
		{D5B255DD-D449-4616-8EBB-52B4B401E1A8}.Debug|Any CPU.Build.0 = Debug|Any CPU
		{D5B255DD-D449-4616-8EBB-52B4B401E1A8}.Release|Any CPU.ActiveCfg = Release|Any CPU
		{D5B255DD-D449-4616-8EBB-52B4B401E1A8}.Release|Any CPU.Build.0 = Release|Any CPU
		{41038BC2-FBA0-4376-BE4B-3903B40244C8}.Debug|Any CPU.ActiveCfg = Debug|Any CPU
		{41038BC2-FBA0-4376-BE4B-3903B40244C8}.Debug|Any CPU.Build.0 = Debug|Any CPU
		{41038BC2-FBA0-4376-BE4B-3903B40244C8}.Release|Any CPU.ActiveCfg = Release|Any CPU
		{41038BC2-FBA0-4376-BE4B-3903B40244C8}.Release|Any CPU.Build.0 = Release|Any CPU
		{6F74AA49-3120-4361-94D7-65E81E4FA6E2}.Debug|Any CPU.ActiveCfg = Debug|Any CPU
		{6F74AA49-3120-4361-94D7-65E81E4FA6E2}.Debug|Any CPU.Build.0 = Debug|Any CPU
		{6F74AA49-3120-4361-94D7-65E81E4FA6E2}.Release|Any CPU.ActiveCfg = Release|Any CPU
		{6F74AA49-3120-4361-94D7-65E81E4FA6E2}.Release|Any CPU.Build.0 = Release|Any CPU
		{DB0F827C-FF26-483D-B610-DA4E7357303E}.Debug|Any CPU.ActiveCfg = Debug|Any CPU
		{DB0F827C-FF26-483D-B610-DA4E7357303E}.Debug|Any CPU.Build.0 = Debug|Any CPU
		{DB0F827C-FF26-483D-B610-DA4E7357303E}.Release|Any CPU.ActiveCfg = Release|Any CPU
		{DB0F827C-FF26-483D-B610-DA4E7357303E}.Release|Any CPU.Build.0 = Release|Any CPU
		{B19F4C76-CB50-4308-A6D8-65F3697B0F11}.Debug|Any CPU.ActiveCfg = Debug|Any CPU
		{B19F4C76-CB50-4308-A6D8-65F3697B0F11}.Debug|Any CPU.Build.0 = Debug|Any CPU
		{B19F4C76-CB50-4308-A6D8-65F3697B0F11}.Release|Any CPU.ActiveCfg = Release|Any CPU
		{B19F4C76-CB50-4308-A6D8-65F3697B0F11}.Release|Any CPU.Build.0 = Release|Any CPU
		{8E417C29-BBED-4889-B8F9-AC86BF1A0C23}.Debug|Any CPU.ActiveCfg = Debug|Any CPU
		{8E417C29-BBED-4889-B8F9-AC86BF1A0C23}.Debug|Any CPU.Build.0 = Debug|Any CPU
		{8E417C29-BBED-4889-B8F9-AC86BF1A0C23}.Release|Any CPU.ActiveCfg = Release|Any CPU
		{8E417C29-BBED-4889-B8F9-AC86BF1A0C23}.Release|Any CPU.Build.0 = Release|Any CPU
		{04F19551-9F9E-4CC7-9603-F00556DA95E6}.Debug|Any CPU.ActiveCfg = Debug|Any CPU
		{04F19551-9F9E-4CC7-9603-F00556DA95E6}.Debug|Any CPU.Build.0 = Debug|Any CPU
		{04F19551-9F9E-4CC7-9603-F00556DA95E6}.Release|Any CPU.ActiveCfg = Release|Any CPU
		{04F19551-9F9E-4CC7-9603-F00556DA95E6}.Release|Any CPU.Build.0 = Release|Any CPU
		{AB3C5212-57CA-41F1-8F25-A6EF7FEFC0F2}.Debug|Any CPU.ActiveCfg = Debug|Any CPU
		{AB3C5212-57CA-41F1-8F25-A6EF7FEFC0F2}.Debug|Any CPU.Build.0 = Debug|Any CPU
		{AB3C5212-57CA-41F1-8F25-A6EF7FEFC0F2}.Release|Any CPU.ActiveCfg = Release|Any CPU
		{AB3C5212-57CA-41F1-8F25-A6EF7FEFC0F2}.Release|Any CPU.Build.0 = Release|Any CPU
		{F752B274-1C04-4BCE-AFEC-BABA8A82AD0D}.Debug|Any CPU.ActiveCfg = Debug|Any CPU
		{F752B274-1C04-4BCE-AFEC-BABA8A82AD0D}.Debug|Any CPU.Build.0 = Debug|Any CPU
		{F752B274-1C04-4BCE-AFEC-BABA8A82AD0D}.Release|Any CPU.ActiveCfg = Release|Any CPU
		{F752B274-1C04-4BCE-AFEC-BABA8A82AD0D}.Release|Any CPU.Build.0 = Release|Any CPU
	EndGlobalSection
	GlobalSection(SolutionProperties) = preSolution
		HideSolutionNode = FALSE
	EndGlobalSection
	GlobalSection(NestedProjects) = preSolution
		{E76CA920-A88D-4A20-91A3-7E09EA08099C} = {B54D3DBE-AF8D-4044-912C-7CD74E64B17E}
		{D5B255DD-D449-4616-8EBB-52B4B401E1A8} = {72747E0F-72ED-492D-835B-70A0F7B4A481}
		{41038BC2-FBA0-4376-BE4B-3903B40244C8} = {B54D3DBE-AF8D-4044-912C-7CD74E64B17E}
		{6F74AA49-3120-4361-94D7-65E81E4FA6E2} = {0CBE5E20-C0A6-4CAC-BD65-F4B141CD775D}
		{DB0F827C-FF26-483D-B610-DA4E7357303E} = {72747E0F-72ED-492D-835B-70A0F7B4A481}
		{B19F4C76-CB50-4308-A6D8-65F3697B0F11} = {B54D3DBE-AF8D-4044-912C-7CD74E64B17E}
		{8E417C29-BBED-4889-B8F9-AC86BF1A0C23} = {0CBE5E20-C0A6-4CAC-BD65-F4B141CD775D}
		{04F19551-9F9E-4CC7-9603-F00556DA95E6} = {0CBE5E20-C0A6-4CAC-BD65-F4B141CD775D}
		{AB3C5212-57CA-41F1-8F25-A6EF7FEFC0F2} = {0CBE5E20-C0A6-4CAC-BD65-F4B141CD775D}
		{F752B274-1C04-4BCE-AFEC-BABA8A82AD0D} = {72747E0F-72ED-492D-835B-70A0F7B4A481}
	EndGlobalSection
	GlobalSection(ExtensibilityGlobals) = postSolution
		SolutionGuid = {AEFCF3E8-10F9-47A5-981C-5C0C751D7E26}
	EndGlobalSection
EndGlobal
